#MicroXplorer Configuration settings - do not modify
ADC.ContinuousConvMode=ENABLE
ADC.DMAContinuousRequests=ENABLE
ADC.IPParameters=Resolution,ContinuousConvMode,SamplingTime,DMAContinuousRequests
ADC.Resolution=ADC_RESOLUTION_12B
ADC.SamplingTime=ADC_SAMPLETIME_71CYCLES_5
Dma.ADC.1.Direction=DMA_PERIPH_TO_MEMORY
Dma.ADC.1.Instance=DMA1_Channel2
Dma.ADC.1.MemDataAlignment=DMA_MDATAALIGN_HALFWORD
Dma.ADC.1.MemInc=DMA_MINC_ENABLE
Dma.ADC.1.Mode=DMA_CIRCULAR
Dma.ADC.1.PeriphDataAlignment=DMA_PDATAALIGN_HALFWORD
Dma.ADC.1.PeriphInc=DMA_PINC_DISABLE
Dma.ADC.1.Priority=DMA_PRIORITY_LOW
Dma.ADC.1.RequestParameters=Instance,Direction,PeriphInc,MemInc,PeriphDataAlignment,MemDataAlignment,Mode,Priority
Dma.Request0=TIM17_CH1/UP
Dma.Request1=ADC
Dma.RequestsNb=2
Dma.TIM17_CH1/UP.0.Direction=DMA_MEMORY_TO_PERIPH
Dma.TIM17_CH1/UP.0.Instance=DMA1_Channel1
Dma.TIM17_CH1/UP.0.MemDataAlignment=DMA_MDATAALIGN_HALFWORD
Dma.TIM17_CH1/UP.0.MemInc=DMA_MINC_ENABLE
Dma.TIM17_CH1/UP.0.Mode=DMA_NORMAL
Dma.TIM17_CH1/UP.0.PeriphDataAlignment=DMA_PDATAALIGN_HALFWORD
Dma.TIM17_CH1/UP.0.PeriphInc=DMA_PINC_DISABLE
Dma.TIM17_CH1/UP.0.Priority=DMA_PRIORITY_HIGH
Dma.TIM17_CH1/UP.0.RequestParameters=Instance,Direction,PeriphInc,MemInc,PeriphDataAlignment,MemDataAlignment,Mode,Priority
File.Version=6
I2C1.I2C_Speed_Mode=I2C_Fast
I2C1.IPParameters=I2C_Speed_Mode,Timing,OwnAddress
I2C1.OwnAddress=0x65
I2C1.Timing=0x2010091A
KeepUserPlacement=false
Mcu.Family=STM32F0
Mcu.IP0=ADC
Mcu.IP1=DMA
Mcu.IP2=I2C1
Mcu.IP3=NVIC
Mcu.IP4=RCC
Mcu.IP5=SYS
Mcu.IP6=TIM1
Mcu.IP7=TIM3
Mcu.IP8=TIM17
Mcu.IPNb=9
Mcu.Name=STM32F030K6Tx
Mcu.Package=LQFP32
Mcu.Pin0=PA0
Mcu.Pin1=PA1
Mcu.Pin10=PA11
Mcu.Pin11=PA13
Mcu.Pin12=PA14
Mcu.Pin13=PA15
Mcu.Pin14=PB6
Mcu.Pin15=PB7
Mcu.Pin16=VP_SYS_VS_Systick
Mcu.Pin17=VP_TIM3_VS_no_output1
Mcu.Pin18=VP_TIM17_VS_ClockSourceINT
Mcu.Pin2=PA2
Mcu.Pin3=PA3
Mcu.Pin4=PA7
Mcu.Pin5=PB0
Mcu.Pin6=PB1
Mcu.Pin7=PA8
Mcu.Pin8=PA9
Mcu.Pin9=PA10
Mcu.PinsNb=19
Mcu.ThirdPartyNb=0
Mcu.UserConstants=
Mcu.UserName=STM32F030K6Tx
MxCube.Version=5.1.0
MxDb.Version=DB.5.0.10
NVIC.ADC1_IRQn=true\:0\:0\:false\:false\:true\:true\:true
NVIC.DMA1_Channel1_IRQn=true\:0\:0\:false\:false\:true\:false\:true
NVIC.DMA1_Channel2_3_IRQn=true\:0\:0\:false\:false\:true\:false\:true
NVIC.HardFault_IRQn=true\:0\:0\:false\:false\:true\:false\:false
NVIC.I2C1_IRQn=true\:0\:0\:false\:false\:true\:true\:true
NVIC.NonMaskableInt_IRQn=true\:0\:0\:false\:false\:true\:false\:false
NVIC.PendSV_IRQn=true\:0\:0\:false\:false\:true\:false\:false
NVIC.SVC_IRQn=true\:0\:0\:false\:false\:true\:false\:false
NVIC.SysTick_IRQn=true\:0\:0\:false\:false\:true\:false\:true
NVIC.TIM17_IRQn=true\:0\:0\:false\:false\:true\:true\:true
NVIC.TIM3_IRQn=true\:0\:0\:false\:false\:true\:true\:true
PA0.GPIOParameters=GPIO_Label
PA0.GPIO_Label=HC-SR04p_Trig
PA0.Locked=true
PA0.Signal=GPIO_Output
PA1.GPIOParameters=GPIO_PuPd,GPIO_Label
PA1.GPIO_Label=HC-SR04p_Echo
PA1.GPIO_PuPd=GPIO_PULLDOWN
PA1.Locked=true
PA1.Signal=GPIO_Input
PA10.GPIOParameters=GPIO_Label
PA10.GPIO_Label=MOTOR2_A
PA10.Locked=true
PA10.Signal=GPIO_Output
PA11.GPIOParameters=GPIO_Label
PA11.GPIO_Label=MOTOR2_B
PA11.Locked=true
PA11.Signal=GPIO_Output
PA13.Locked=true
PA13.Mode=Serial_Wire
PA13.Signal=SYS_SWDIO
PA14.Locked=true
PA14.Mode=Serial_Wire
PA14.Signal=SYS_SWCLK
PA15.GPIOParameters=GPIO_PuPd,GPIO_Label
PA15.GPIO_Label=IR
PA15.GPIO_PuPd=GPIO_NOPULL
PA15.Locked=true
PA15.Signal=GPIO_Input
PA2.GPIOParameters=GPIO_Label
PA2.GPIO_Label=LINE TRACK LEFT
PA2.Locked=true
PA2.Mode=IN2
PA2.Signal=ADC_IN2
PA3.GPIOParameters=GPIO_Label
PA3.GPIO_Label=LINE TRACK RIGHT
PA3.Locked=true
PA3.Mode=IN3
PA3.Signal=ADC_IN3
PA7.GPIOParameters=GPIO_Label
PA7.GPIO_Label=WS2812
PA7.Locked=true
PA7.Signal=S_TIM17_CH1
PA8.GPIOParameters=GPIO_Label
PA8.GPIO_Label=MOTOR1_PWM
PA8.Signal=S_TIM1_CH1
PA9.GPIOParameters=GPIO_Label
PA9.GPIO_Label=MOTOR2_PWM
PA9.Signal=S_TIM1_CH2
PB0.GPIOParameters=GPIO_Label
PB0.GPIO_Label=MOTOR1_A
PB0.Locked=true
PB0.Signal=GPIO_Output
PB1.GPIOParameters=GPIO_Label
PB1.GPIO_Label=MOTOR1_B
PB1.Locked=true
PB1.Signal=GPIO_Output
PB6.Locked=true
PB6.Mode=I2C
PB6.Signal=I2C1_SCL
PB7.Locked=true
PB7.Mode=I2C
PB7.Signal=I2C1_SDA
PCC.Checker=false
PCC.Line=STM32F0x0 Value Line
PCC.MCU=STM32F030K6Tx
PCC.PartNumber=STM32F030K6Tx
PCC.Seq0=0
PCC.Series=STM32F0
PCC.Temperature=25
PCC.Vdd=3.6
PinOutPanel.RotationAngle=0
ProjectManager.AskForMigrate=true
ProjectManager.BackupPrevious=false
ProjectManager.CompilerOptimize=6
ProjectManager.ComputerToolchain=false
ProjectManager.CoupleFile=false
ProjectManager.CustomerFirmwarePackage=
ProjectManager.DefaultFWLocation=true
ProjectManager.DeletePrevious=true
ProjectManager.DeviceId=STM32F030K6Tx
ProjectManager.FirmwarePackage=STM32Cube FW_F0 V1.9.0
ProjectManager.FreePins=false
ProjectManager.HalAssertFull=false
ProjectManager.HeapSize=0x200
ProjectManager.KeepUserCode=true
ProjectManager.LastFirmware=true
ProjectManager.LibraryCopy=0
ProjectManager.MainLocation=Src
ProjectManager.NoMain=false
ProjectManager.PreviousToolchain=
ProjectManager.ProjectBuild=false
ProjectManager.ProjectFileName=KidRobotV1.1.ioc
ProjectManager.ProjectName=KidRobotV1.1
ProjectManager.StackSize=0x400
ProjectManager.TargetToolchain=MDK-ARM V5
ProjectManager.ToolChainLocation=
ProjectManager.UnderRoot=false
ProjectManager.functionlistsort=1-MX_GPIO_Init-GPIO-false-HAL-true,2-MX_DMA_Init-DMA-false-HAL-true,3-SystemClock_Config-RCC-false-HAL-false,4-MX_I2C1_Init-I2C1-false-HAL-true,5-MX_TIM17_Init-TIM17-false-HAL-true,6-MX_TIM3_Init-TIM3-false-HAL-true,7-MX_TIM1_Init-TIM1-false-HAL-true,8-MX_ADC_Init-ADC-false-HAL-true
RCC.AHBFreq_Value=48000000
RCC.APB1Freq_Value=48000000
RCC.APB1TimFreq_Value=48000000
RCC.FCLKCortexFreq_Value=48000000
RCC.FamilyName=M
RCC.HCLKFreq_Value=48000000
RCC.I2C1Freq_Value=48000000
RCC.I2c1ClockSelection=RCC_I2C1CLKSOURCE_SYSCLK
RCC.IPParameters=AHBFreq_Value,APB1Freq_Value,APB1TimFreq_Value,FCLKCortexFreq_Value,FamilyName,HCLKFreq_Value,I2C1Freq_Value,I2c1ClockSelection,MCOFreq_Value,PLLCLKFreq_Value,PLLMCOFreq_Value,PLLMUL,SYSCLKFreq_VALUE,SYSCLKSource,TimSysFreq_Value,USART1Freq_Value
RCC.MCOFreq_Value=48000000
RCC.PLLCLKFreq_Value=48000000
RCC.PLLMCOFreq_Value=48000000
RCC.PLLMUL=RCC_PLL_MUL12
RCC.SYSCLKFreq_VALUE=48000000
RCC.SYSCLKSource=RCC_SYSCLKSOURCE_PLLCLK
RCC.TimSysFreq_Value=48000000
RCC.USART1Freq_Value=48000000
SH.S_TIM17_CH1.0=TIM17_CH1,PWM Generation1 CH1
SH.S_TIM17_CH1.ConfNb=1
SH.S_TIM1_CH1.0=TIM1_CH1,PWM Generation1 CH1
SH.S_TIM1_CH1.ConfNb=1
SH.S_TIM1_CH2.0=TIM1_CH2,PWM Generation2 CH2
SH.S_TIM1_CH2.ConfNb=1
TIM1.Channel-PWM\ Generation1\ CH1=TIM_CHANNEL_1
TIM1.Channel-PWM\ Generation2\ CH2=TIM_CHANNEL_2
TIM1.IPParameters=Channel-PWM Generation1 CH1,Channel-PWM Generation2 CH2,Prescaler,Period
TIM1.Period=100
TIM1.Prescaler=960-1
TIM17.AutoReloadPreload=TIM_AUTORELOAD_PRELOAD_ENABLE
TIM17.Channel=TIM_CHANNEL_1
TIM17.IPParameters=Period,Channel,OCPolarity_1,Pulse,AutoReloadPreload
TIM17.OCPolarity_1=TIM_OCPOLARITY_HIGH
TIM17.Period=60
TIM17.Pulse=60
TIM3.Channel-PWM\ Generation1\ No\ Output=TIM_CHANNEL_1
TIM3.IPParameters=Channel-PWM Generation1 No Output,Period,Pulse-PWM Generation1 No Output
TIM3.Period=480
TIM3.Pulse-PWM\ Generation1\ No\ Output=480
VP_SYS_VS_Systick.Mode=SysTick
VP_SYS_VS_Systick.Signal=SYS_VS_Systick
VP_TIM17_VS_ClockSourceINT.Mode=Enable_Timer
VP_TIM17_VS_ClockSourceINT.Signal=TIM17_VS_ClockSourceINT
VP_TIM3_VS_no_output1.Mode=PWM Generation1 No Output
VP_TIM3_VS_no_output1.Signal=TIM3_VS_no_output1
board=custom
